
Microsoft Visual Studio Solution File, Format Version 12.00
# Visual Studio Version 17
VisualStudioVersion = 17.14.36408.4
MinimumVisualStudioVersion = 10.0.40219.1
Project("{9A19103F-16F7-4668-BE54-9A1E7A4F7556}") = "CarInsurance.Api", "CarInsurance.Api.csproj", "{D448F1CB-6F0E-736C-EEF1-3AC5923400B1}"
EndProject
Project("{2150E333-8FDC-42A3-9474-1A3956D46DE8}") = "CarInsuranceApiTest", "CarInsuranceApiTest", "{82AE7719-2C5E-4F3B-856F-425A6A1134A0}"
EndProject
Project("{FAE04EC0-301F-11D3-BF4B-00C04F79EFBC}") = "CarInsuranceApiTest", "..\TestProject1\CarInsuranceApiTest.csproj", "{06AAC1A0-0453-4640-BD1C-6F7167A2CB41}"
EndProject
Global
	GlobalSection(SolutionConfigurationPlatforms) = preSolution
		Debug|Any CPU = Debug|Any CPU
		Release|Any CPU = Release|Any CPU
	EndGlobalSection
	GlobalSection(ProjectConfigurationPlatforms) = postSolution
		{D448F1CB-6F0E-736C-EEF1-3AC5923400B1}.Debug|Any CPU.ActiveCfg = Debug|Any CPU
		{D448F1CB-6F0E-736C-EEF1-3AC5923400B1}.Debug|Any CPU.Build.0 = Debug|Any CPU
		{D448F1CB-6F0E-736C-EEF1-3AC5923400B1}.Release|Any CPU.ActiveCfg = Release|Any CPU
		{D448F1CB-6F0E-736C-EEF1-3AC5923400B1}.Release|Any CPU.Build.0 = Release|Any CPU
		{06AAC1A0-0453-4640-BD1C-6F7167A2CB41}.Debug|Any CPU.ActiveCfg = Debug|Any CPU
		{06AAC1A0-0453-4640-BD1C-6F7167A2CB41}.Debug|Any CPU.Build.0 = Debug|Any CPU
		{06AAC1A0-0453-4640-BD1C-6F7167A2CB41}.Release|Any CPU.ActiveCfg = Release|Any CPU
		{06AAC1A0-0453-4640-BD1C-6F7167A2CB41}.Release|Any CPU.Build.0 = Release|Any CPU
	EndGlobalSection
	GlobalSection(SolutionProperties) = preSolution
		HideSolutionNode = FALSE
	EndGlobalSection
	GlobalSection(NestedProjects) = preSolution
		{06AAC1A0-0453-4640-BD1C-6F7167A2CB41} = {82AE7719-2C5E-4F3B-856F-425A6A1134A0}
	EndGlobalSection
	GlobalSection(ExtensibilityGlobals) = postSolution
		SolutionGuid = {8276DCD3-745F-4521-88E1-9CB39EC2E2DE}
	EndGlobalSection
EndGlobal
